<?xml version="1.0" encoding="utf-8"?>
<Project ToolsVersion="4.0" xmlns="http://schemas.microsoft.com/developer/msbuild/2003">
  <ItemGroup>
    <Filter Include="Ultra">
      <UniqueIdentifier>{6D583E0E-D96C-66BF-A2EE-091F0EC262F0}</UniqueIdentifier>
    </Filter>
    <Filter Include="Ultra\Events">
      <UniqueIdentifier>{B1A728E1-9D0A-B885-4690-F03B32D28308}</UniqueIdentifier>
    </Filter>
  </ItemGroup>
  <ItemGroup>
    <ClInclude Include="src\Ultra.h" />
    <ClInclude Include="src\Ultra\Application.h">
      <Filter>Ultra</Filter>
    </ClInclude>
    <ClInclude Include="src\Ultra\Core.h">
      <Filter>Ultra</Filter>
    </ClInclude>
    <ClInclude Include="src\Ultra\EntryPoint.h">
      <Filter>Ultra</Filter>
    </ClInclude>
    <ClInclude Include="src\Ultra\Events\ApplicationEvent.h">
      <Filter>Ultra\Events</Filter>
    </ClInclude>
    <ClInclude Include="src\Ultra\Events\Event.h">
      <Filter>Ultra\Events</Filter>
    </ClInclude>
    <ClInclude Include="src\Ultra\Events\KeyEvent.h">
      <Filter>Ultra\Events</Filter>
    </ClInclude>
    <ClInclude Include="src\Ultra\Events\MouseEvent.h">
      <Filter>Ultra\Events</Filter>
    </ClInclude>
    <ClInclude Include="src\Ultra\Log.h">
      <Filter>Ultra</Filter>
    </ClInclude>
    <ClInclude Include="src\ultpch.h" />
  </ItemGroup>
  <ItemGroup>
    <ClCompile Include="src\Ultra\Application.cpp">
      <Filter>Ultra</Filter>
    </ClCompile>
    <ClCompile Include="src\Ultra\Log.cpp">
      <Filter>Ultra</Filter>
    </ClCompile>
    <ClCompile Include="src\ultpch.cpp" />
  </ItemGroup>
</Project>