<?xml version="1.0" encoding="utf-8"?>
<Project ToolsVersion="4.0" xmlns="http://schemas.microsoft.com/developer/msbuild/2003">
  <ItemGroup>
    <Filter Include="Ultra">
      <UniqueIdentifier>{6D583E0E-D96C-66BF-A2EE-091F0EC262F0}</UniqueIdentifier>
    </Filter>
  </ItemGroup>
  <ItemGroup>
    <ClInclude Include="src\Ultra.h" />
    <ClInclude Include="src\Ultra\Application.h">
      <Filter>Ultra</Filter>
    </ClInclude>
    <ClInclude Include="src\Ultra\Core.h">
      <Filter>Ultra</Filter>
    </ClInclude>
    <ClInclude Include="src\Ultra\EntryPoint.h">
      <Filter>Ultra</Filter>
    </ClInclude>
  </ItemGroup>
  <ItemGroup>
    <ClCompile Include="src\Ultra\Application.cpp">
      <Filter>Ultra</Filter>
    </ClCompile>
  </ItemGroup>
</Project>